Microsoft Visual Studio Solution File, Format Version 11.00
# Visual Studio 2008

Project("{73479A69-81E2-8C2E-D4E8-688ACC61A551}") = "UnityCoroutine", "Assembly-CSharp.csproj", "{40A37B75-87E2-91BF-0FC7-1A01D9BB528F}"
EndProject
Global
	GlobalSection(SolutionConfigurationPlatforms) = preSolution
		Debug|Any CPU = Debug|Any CPU
		Release|Any CPU = Release|Any CPU
	EndGlobalSection
	GlobalSection(ProjectConfigurationPlatforms) = postSolution
		{40A37B75-87E2-91BF-0FC7-1A01D9BB528F}.Debug|Any CPU.ActiveCfg = Debug|Any CPU
		{40A37B75-87E2-91BF-0FC7-1A01D9BB528F}.Debug|Any CPU.Build.0 = Debug|Any CPU
		{40A37B75-87E2-91BF-0FC7-1A01D9BB528F}.Release|Any CPU.ActiveCfg = Release|Any CPU
		{40A37B75-87E2-91BF-0FC7-1A01D9BB528F}.Release|Any CPU.Build.0 = Release|Any CPU
	EndGlobalSection
	GlobalSection(SolutionProperties) = preSolution
		HideSolutionNode = FALSE
	EndGlobalSection
	GlobalSection(MonoDevelopProperties) = preSolution
		StartupItem = Assembly-CSharp.csproj
	EndGlobalSection
EndGlobal
